
Microsoft Visual Studio Solution File, Format Version 12.00
# Visual Studio Version 17
VisualStudioVersion = 17.14.36429.23 d17.14
MinimumVisualStudioVersion = 10.0.40219.1
Project("{FAE04EC0-301F-11D3-BF4B-00C04F79EFBC}") = "WebApiAtb", "WebApiAtb\WebApiAtb.csproj", "{79D4DDA4-52C9-4778-A042-32DF2AC5334B}"
EndProject
Project("{FAE04EC0-301F-11D3-BF4B-00C04F79EFBC}") = "Domain", "Domain\Domain.csproj", "{CCDA9A75-DAB0-4DC8-8532-351D39765DCA}"
EndProject
Project("{FAE04EC0-301F-11D3-BF4B-00C04F79EFBC}") = "Core", "Core\Core.csproj", "{3554CDFA-FB87-4A6D-9EA6-7221EB991999}"
EndProject
Global
	GlobalSection(SolutionConfigurationPlatforms) = preSolution
		Debug|Any CPU = Debug|Any CPU
		Release|Any CPU = Release|Any CPU
	EndGlobalSection
	GlobalSection(ProjectConfigurationPlatforms) = postSolution
		{79D4DDA4-52C9-4778-A042-32DF2AC5334B}.Debug|Any CPU.ActiveCfg = Debug|Any CPU
		{79D4DDA4-52C9-4778-A042-32DF2AC5334B}.Debug|Any CPU.Build.0 = Debug|Any CPU
		{79D4DDA4-52C9-4778-A042-32DF2AC5334B}.Release|Any CPU.ActiveCfg = Release|Any CPU
		{79D4DDA4-52C9-4778-A042-32DF2AC5334B}.Release|Any CPU.Build.0 = Release|Any CPU
		{CCDA9A75-DAB0-4DC8-8532-351D39765DCA}.Debug|Any CPU.ActiveCfg = Debug|Any CPU
		{CCDA9A75-DAB0-4DC8-8532-351D39765DCA}.Debug|Any CPU.Build.0 = Debug|Any CPU
		{CCDA9A75-DAB0-4DC8-8532-351D39765DCA}.Release|Any CPU.ActiveCfg = Release|Any CPU
		{CCDA9A75-DAB0-4DC8-8532-351D39765DCA}.Release|Any CPU.Build.0 = Release|Any CPU
		{3554CDFA-FB87-4A6D-9EA6-7221EB991999}.Debug|Any CPU.ActiveCfg = Debug|Any CPU
		{3554CDFA-FB87-4A6D-9EA6-7221EB991999}.Debug|Any CPU.Build.0 = Debug|Any CPU
		{3554CDFA-FB87-4A6D-9EA6-7221EB991999}.Release|Any CPU.ActiveCfg = Release|Any CPU
		{3554CDFA-FB87-4A6D-9EA6-7221EB991999}.Release|Any CPU.Build.0 = Release|Any CPU
	EndGlobalSection
	GlobalSection(SolutionProperties) = preSolution
		HideSolutionNode = FALSE
	EndGlobalSection
	GlobalSection(ExtensibilityGlobals) = postSolution
		SolutionGuid = {AD6F6E20-A2F0-4710-97A9-3CCD6E9FCC6F}
	EndGlobalSection
EndGlobal
